<?xml version="1.0" encoding="utf-8"?>
<Project ToolsVersion="4.0" xmlns="http://schemas.microsoft.com/developer/msbuild/2003">
  <ItemGroup>
    <ClCompile Include="animation.cpp" />
    <ClCompile Include="anim_sprite3d.cpp" />
    <ClCompile Include="billboard.cpp" />
    <ClCompile Include="box.cpp" />
    <ClCompile Include="busters.cpp" />
    <ClCompile Include="camera.cpp" />
    <ClCompile Include="debug_ostream.cpp" />
    <ClCompile Include="direct3d.cpp" />
    <ClCompile Include="fade.cpp" />
    <ClCompile Include="field.cpp" />
    <ClCompile Include="furniture.cpp" />
    <ClCompile Include="ghost.cpp" />
    <ClCompile Include="glb_model.cpp" />
    <ClCompile Include="keyboard.cpp" />
    <ClCompile Include="LoseAnim.cpp" />
    <ClCompile Include="main.cpp" />
    <ClCompile Include="debugdraw.cpp" />
    <ClCompile Include="model.cpp" />
    <ClCompile Include="mouse.cpp" />
    <ClCompile Include="opanim.cpp" />
    <ClCompile Include="result.cpp" />
    <ClCompile Include="shader.cpp" />
    <ClCompile Include="scene.cpp" />
    <ClCompile Include="sound.cpp" />
    <ClCompile Include="sprite.cpp" />
    <ClCompile Include="texture.cpp" />
    <ClCompile Include="title.cpp" />
    <ClCompile Include="UI.cpp" />
    <ClCompile Include="UI_scarecombo.cpp" />
    <ClCompile Include="WinAnim.cpp" />
    <ClCompile Include="minimap.cpp" />
    <ClCompile Include="font.cpp" />
    <ClCompile Include="LoseAnimED.cpp" />
    <ClCompile Include="field.cpp" />
    <ClCompile Include="light.cpp" />
    <ClCompile Include="UI_PauseMenu.cpp" />
    <ClCompile Include="UI_Tutorial.cpp" />
    <ClCompile Include="shader_2d.cpp" />
    <ClCompile Include="ClickFont.cpp" />
    <ClCompile Include="Tutorial_Object.cpp" />
    <ClCompile Include="Tutorial_Pages.cpp" />
    <ClCompile Include="game.cpp" />
    <ClCompile Include="debug_model_scene.cpp" />
    <ClCompile Include="glb_model.cpp" />
    <ClCompile Include="ScoreClient.cpp" />
    <ClCompile Include="UI_messageframe.h" />
    <ClCompile Include="vote.cpp" />
    <ClCompile Include="UI_RetryMenu.cpp" />
    <ClCompile Include="movie.cpp" />
  </ItemGroup>
  <ItemGroup>
    <ClInclude Include="animation.h" />
    <ClInclude Include="anim_sprite3d.h" />
    <ClInclude Include="billboard.h" />
    <ClInclude Include="busters.h" />
    <ClInclude Include="camera.h" />
    <ClInclude Include="component.h" />
    <ClInclude Include="debug_ostream.h" />
    <ClInclude Include="define.h" />
    <ClInclude Include="direct3d.h" />
    <ClInclude Include="DirectXTex.h" />
    <ClInclude Include="box.h" />
    <ClInclude Include="fade.h" />
    <ClInclude Include="furniture.h" />
    <ClInclude Include="ghost.h" />
    <ClInclude Include="glb_model.h" />
    <ClInclude Include="keyboard.h" />
    <ClInclude Include="LoseAnim.h" />
    <ClInclude Include="main.h" />
    <ClInclude Include="model.h" />
    <ClInclude Include="debugdraw.h" />
    <ClInclude Include="mouse.h" />
    <ClInclude Include="game.h" />
    <ClInclude Include="opanim.h" />
    <ClInclude Include="scene.h" />
    <ClInclude Include="result.h" />
    <ClInclude Include="shader.h" />
    <ClInclude Include="sound.h" />
    <ClInclude Include="sprite.h" />
    <ClInclude Include="sprite3d.h" />
    <ClInclude Include="stb_truetype.h" />
    <ClInclude Include="texture.h" />
    <ClInclude Include="title.h" />
    <ClInclude Include="UI.h" />
    <ClInclude Include="UI_scarecombo.h" />
    <ClInclude Include="WinAnim.h" />
    <ClInclude Include="minimap.h" />
    <ClInclude Include="font.h" />
    <ClInclude Include="field.h" />
    <ClInclude Include="LoseAnimED.h" />
    <ClInclude Include="light.h" />
    <ClInclude Include="Floor1.h" />
    <ClInclude Include="Floor2.h" />
    <ClInclude Include="Floor3.h" />
    <ClInclude Include="UI_PauseMenu.h" />
    <ClInclude Include="UI_Tutorial.h" />
    <ClInclude Include="shader_2d.h" />
    <ClInclude Include="HoleSprite.h" />
    <ClInclude Include="ClickFont.h" />
    <ClInclude Include="Tutorial_Object.h" />
    <ClInclude Include="UI_Tutorial_Internal.h" />
    <ClInclude Include="TutorialFlag.h" />
    <ClInclude Include="debug_model_scene.h" />
    <ClInclude Include="glb_model.h" />
    <ClInclude Include="ScoreClient.h" />
    <ClInclude Include="vote.h" />
    <ClInclude Include="UI_RetryMenu.h" />
    <ClInclude Include="movie.h" />
  </ItemGroup>
  <ItemGroup>
    <None Include="convert_to_utf8bom.ps1" />
    <None Include="DirectXTex.inl" />
    <None Include=".github\workflows\release.yml" />
    <None Include="SchemToArray\block_definitions.json" />
    <None Include="docs\PointLight_Summary.md" />
    <None Include="SchemToArray\SchemToArray.py" />
  </ItemGroup>
  <ItemGroup>
    <FxCompile Include="shader_pixel_2d.hlsl" />
    <FxCompile Include="shader_vertex_2d.hlsl" />
    <FxCompile Include="shader_field_instance.hlsl" />
    <FxCompile Include="shader_pixel_2d_hole.hlsl" />
    <FxCompile Include="shader_vertex_skinning.hlsl" />
  </ItemGroup>
</Project>